
Microsoft Visual Studio Solution File, Format Version 12.00
# Visual Studio Version 17
VisualStudioVersion = 17.1.32319.34
MinimumVisualStudioVersion = 10.0.40219.1
Project("{54A90642-561A-4BB1-A94E-469ADEE60C69}") = "musicalservice", "client\musicalservice.esproj", "{5A496A22-7766-443A-AF7F-7E319CAC35FF}"
EndProject
Project("{2150E333-8FDC-42A3-9474-1A3956D46DE8}") = "ClientApp", "ClientApp", "{C084D5FF-AEDD-46AE-995D-AAF2F09C3232}"
EndProject
Project("{2150E333-8FDC-42A3-9474-1A3956D46DE8}") = "MusicalService", "MusicalService", "{6F5D5D09-C459-447C-AF0F-8C561424F30C}"
EndProject
Project("{FAE04EC0-301F-11D3-BF4B-00C04F79EFBC}") = "MusicalService.API", "MusicalService.API\MusicalService.API.csproj", "{6D00F69A-388C-4022-80F6-CF6655856A70}"
EndProject
Global
	GlobalSection(SolutionConfigurationPlatforms) = preSolution
		Debug|Any CPU = Debug|Any CPU
		Release|Any CPU = Release|Any CPU
	EndGlobalSection
	GlobalSection(ProjectConfigurationPlatforms) = postSolution
		{5A496A22-7766-443A-AF7F-7E319CAC35FF}.Debug|Any CPU.ActiveCfg = Debug|Any CPU
		{5A496A22-7766-443A-AF7F-7E319CAC35FF}.Debug|Any CPU.Build.0 = Debug|Any CPU
		{5A496A22-7766-443A-AF7F-7E319CAC35FF}.Debug|Any CPU.Deploy.0 = Debug|Any CPU
		{5A496A22-7766-443A-AF7F-7E319CAC35FF}.Release|Any CPU.ActiveCfg = Release|Any CPU
		{5A496A22-7766-443A-AF7F-7E319CAC35FF}.Release|Any CPU.Build.0 = Release|Any CPU
		{5A496A22-7766-443A-AF7F-7E319CAC35FF}.Release|Any CPU.Deploy.0 = Release|Any CPU
		{6D00F69A-388C-4022-80F6-CF6655856A70}.Debug|Any CPU.ActiveCfg = Debug|Any CPU
		{6D00F69A-388C-4022-80F6-CF6655856A70}.Debug|Any CPU.Build.0 = Debug|Any CPU
		{6D00F69A-388C-4022-80F6-CF6655856A70}.Release|Any CPU.ActiveCfg = Release|Any CPU
		{6D00F69A-388C-4022-80F6-CF6655856A70}.Release|Any CPU.Build.0 = Release|Any CPU
	EndGlobalSection
	GlobalSection(SolutionProperties) = preSolution
		HideSolutionNode = FALSE
	EndGlobalSection
	GlobalSection(NestedProjects) = preSolution
		{5A496A22-7766-443A-AF7F-7E319CAC35FF} = {C084D5FF-AEDD-46AE-995D-AAF2F09C3232}
		{6D00F69A-388C-4022-80F6-CF6655856A70} = {6F5D5D09-C459-447C-AF0F-8C561424F30C}
	EndGlobalSection
	GlobalSection(ExtensibilityGlobals) = postSolution
		SolutionGuid = {0F9D5C87-D500-49DE-825A-9BD3B704E640}
	EndGlobalSection
EndGlobal
